
Microsoft Visual Studio Solution File, Format Version 12.00
# Visual Studio Version 17
VisualStudioVersion = 17.9.34728.123
MinimumVisualStudioVersion = 10.0.40219.1
Project("{FAE04EC0-301F-11D3-BF4B-00C04F79EFBC}") = "Rock-paper-scissor-game", "Rock-paper-scissor-game\Rock-paper-scissor-game.csproj", "{79A5DB29-D0EA-47F5-BCDA-8E33C0FDD0CA}"
EndProject
Global
	GlobalSection(SolutionConfigurationPlatforms) = preSolution
		Debug|Any CPU = Debug|Any CPU
		Release|Any CPU = Release|Any CPU
	EndGlobalSection
	GlobalSection(ProjectConfigurationPlatforms) = postSolution
		{79A5DB29-D0EA-47F5-BCDA-8E33C0FDD0CA}.Debug|Any CPU.ActiveCfg = Debug|Any CPU
		{79A5DB29-D0EA-47F5-BCDA-8E33C0FDD0CA}.Debug|Any CPU.Build.0 = Debug|Any CPU
		{79A5DB29-D0EA-47F5-BCDA-8E33C0FDD0CA}.Release|Any CPU.ActiveCfg = Release|Any CPU
		{79A5DB29-D0EA-47F5-BCDA-8E33C0FDD0CA}.Release|Any CPU.Build.0 = Release|Any CPU
	EndGlobalSection
	GlobalSection(SolutionProperties) = preSolution
		HideSolutionNode = FALSE
	EndGlobalSection
	GlobalSection(ExtensibilityGlobals) = postSolution
		SolutionGuid = {E5878303-042D-4747-9FAD-87B7D88D4B3F}
	EndGlobalSection
EndGlobal
